git.sr.ht/~uid/tie/request v0.0.0-20230119181938-c9ec8fa0f812 h1:DZ2/nxfOog66ZXlrVyfmnBr0LF6wA78mlopjrFmcCHk=
git.sr.ht/~uid/tie/request v0.0.0-20230119181938-c9ec8fa0f812/go.mod h1:33y3JO3mXUfk23DbH1EgO402K3N/ePQMXi+t+fk6IVk=
git.sr.ht/~uid/tie/tiedb v0.0.0-20230106084935-4f6fb37490e3/go.mod h1:s8f6ldl0lyZCM1ZtMKSBKYh8BERAQMR4JQmNLyEPTdk=
git.sr.ht/~uid/tie/tiedb v0.0.0-20230117185330-f35fb5a6e890 h1:ViALV7TJbYVXykmqW8nkusBiIuYI+2RZDgEiS+rmsXM=
git.sr.ht/~uid/tie/tiedb v0.0.0-20230117185330-f35fb5a6e890/go.mod h1:17t8mlUUlyMb+/8WB9ueWcUHq/gtjtZ5ZD7o/I/yUb4=
github.com/julienschmidt/httprouter v1.3.0 h1:U0609e9tgbseu3rBINet9P48AI/D3oJs4dN7jwJOQ1U=
github.com/julienschmidt/httprouter v1.3.0/go.mod h1:JR6WtHb+2LUe8TCKY3cZOxFyyO8IZAc4RVcycCCAKdM=
github.com/yuin/goldmark v1.5.3 h1:3HUJmBFbQW9fhQOzMgseU134xfi6hU+mjWywx5Ty+/M=
github.com/yuin/goldmark v1.5.3/go.mod h1:6yULJ656Px+3vBD8DxQVa3kxgyrAnzto9xy5taEt/CY=
