git.sr.ht/~uid/tie/io/getlib v0.0.0-20220604100514-aa1375770049 h1:4VwzFz/yKVhaEcV+He9Xgviuo7knoauXvaVraq6pnpM=
git.sr.ht/~uid/tie/io/getlib v0.0.0-20220604100514-aa1375770049/go.mod h1:JA9Ac4qVLh6WIgNMpyI9ZCATMe5EzWP+As6IR+qrA+M=
git.sr.ht/~uid/tie/metadata v0.0.0-20220604100514-aa1375770049 h1:pL27oAalz+ejM+Sdi5lTB6fZqvO6CdNPLy6qB/sFCqs=
git.sr.ht/~uid/tie/metadata v0.0.0-20220604100514-aa1375770049/go.mod h1:Vy88ZwZ++vvgpgQInjwsWb5szAm599aOO0Zl8r1/hvU=
github.com/minio/highwayhash v1.0.2 h1:Aak5U0nElisjDCfPSG79Tgzkn2gl66NxOMspRrKnA/g=
github.com/minio/highwayhash v1.0.2/go.mod h1:BQskDq+xkJ12lmlUUi7U0M5Swg3EWR+dLTk+kldvVxY=
golang.org/x/sys v0.0.0-20190130150945-aca44879d564/go.mod h1:STP8DvDyc/dI5b8T5hshtkjS+E42TnysNCUPdjciGhY=
golang.org/x/sys v0.0.0-20220520151302-bc2c85ada10a h1:dGzPydgVsqGcTRVwiLJ1jVbufYwmzD3LfVPLKsKg+0k=
golang.org/x/sys v0.0.0-20220520151302-bc2c85ada10a/go.mod h1:oPkhp1MJrh7nUepCBck5+mAzfO9JrbApNNgaTdGDITg=
