git.sr.ht/~uid/tie/io/getlib v0.0.0-20220112073942-66ae131b3d6d h1:r2W2lqJSDN3UXIfmlEAVMdDo0rnHE8RlcZwe+MvT9VU=
git.sr.ht/~uid/tie/io/getlib v0.0.0-20220112073942-66ae131b3d6d/go.mod h1:JA9Ac4qVLh6WIgNMpyI9ZCATMe5EzWP+As6IR+qrA+M=
git.sr.ht/~uid/tie/metadata v0.0.0-20220112073942-66ae131b3d6d h1:rfZLyfX35OljsfKe+GFIddVOwrqqhEwaoZGlzy4+CqA=
git.sr.ht/~uid/tie/metadata v0.0.0-20220112073942-66ae131b3d6d/go.mod h1:Vy88ZwZ++vvgpgQInjwsWb5szAm599aOO0Zl8r1/hvU=
github.com/minio/highwayhash v1.0.2 h1:Aak5U0nElisjDCfPSG79Tgzkn2gl66NxOMspRrKnA/g=
github.com/minio/highwayhash v1.0.2/go.mod h1:BQskDq+xkJ12lmlUUi7U0M5Swg3EWR+dLTk+kldvVxY=
golang.org/x/sys v0.0.0-20190130150945-aca44879d564/go.mod h1:STP8DvDyc/dI5b8T5hshtkjS+E42TnysNCUPdjciGhY=
golang.org/x/sys v0.0.0-20220111092808-5a964db01320 h1:0jf+tOCoZ3LyutmCOWpVni1chK4VfFLhRsDK7MhqGRY=
golang.org/x/sys v0.0.0-20220111092808-5a964db01320/go.mod h1:oPkhp1MJrh7nUepCBck5+mAzfO9JrbApNNgaTdGDITg=
