git.sr.ht/~uid/tie/metadata v0.0.0-20211203084034-9d28a8705a27 h1:qybp8sU+QKMakyEu2rCsj6RPzR19+Mp3mOIWOZ+9uss=
git.sr.ht/~uid/tie/metadata v0.0.0-20211203084034-9d28a8705a27/go.mod h1:Vy88ZwZ++vvgpgQInjwsWb5szAm599aOO0Zl8r1/hvU=
github.com/minio/highwayhash v1.0.2 h1:Aak5U0nElisjDCfPSG79Tgzkn2gl66NxOMspRrKnA/g=
github.com/minio/highwayhash v1.0.2/go.mod h1:BQskDq+xkJ12lmlUUi7U0M5Swg3EWR+dLTk+kldvVxY=
golang.org/x/sys v0.0.0-20190130150945-aca44879d564/go.mod h1:STP8DvDyc/dI5b8T5hshtkjS+E42TnysNCUPdjciGhY=
golang.org/x/sys v0.0.0-20211124211545-fe61309f8881 h1:TyHqChC80pFkXWraUUf6RuB5IqFdQieMLwwCJokV2pc=
golang.org/x/sys v0.0.0-20211124211545-fe61309f8881/go.mod h1:oPkhp1MJrh7nUepCBck5+mAzfO9JrbApNNgaTdGDITg=
