git.sr.ht/~uid/tie/metadata v0.0.0-20211004073741-504d6e3f201d h1:DFCA8os+8PEvU7n65Jdh5777Ncm1wayzy02gSldDvk8=
git.sr.ht/~uid/tie/metadata v0.0.0-20211004073741-504d6e3f201d/go.mod h1:Vy88ZwZ++vvgpgQInjwsWb5szAm599aOO0Zl8r1/hvU=
github.com/minio/highwayhash v1.0.2 h1:Aak5U0nElisjDCfPSG79Tgzkn2gl66NxOMspRrKnA/g=
github.com/minio/highwayhash v1.0.2/go.mod h1:BQskDq+xkJ12lmlUUi7U0M5Swg3EWR+dLTk+kldvVxY=
golang.org/x/sys v0.0.0-20190130150945-aca44879d564/go.mod h1:STP8DvDyc/dI5b8T5hshtkjS+E42TnysNCUPdjciGhY=
golang.org/x/sys v0.0.0-20211003122950-b1ebd4e1001c h1:EyJTLQbOxvk8V6oDdD8ILR1BOs3nEJXThD6aqsiPNkM=
golang.org/x/sys v0.0.0-20211003122950-b1ebd4e1001c/go.mod h1:oPkhp1MJrh7nUepCBck5+mAzfO9JrbApNNgaTdGDITg=
